// !$*UTF8*$!
{
	archiveVersion = 1;
	classes = {
	};
	objectVersion = 50;
	objects = {

/* Begin PBXBuildFile section */
		2021A117212708CE0095A731 /* AppDelegate.swift in Sources */ = {isa = PBXBuildFile; fileRef = 2021A116212708CE0095A731 /* AppDelegate.swift */; };
		2021A119212708CE0095A731 /* ViewController.swift in Sources */ = {isa = PBXBuildFile; fileRef = 2021A118212708CE0095A731 /* ViewController.swift */; };
		2021A11C212708CE0095A731 /* Main.storyboard in Resources */ = {isa = PBXBuildFile; fileRef = 2021A11A212708CE0095A731 /* Main.storyboard */; };
		2021A11E212708E20095A731 /* Assets.xcassets in Resources */ = {isa = PBXBuildFile; fileRef = 2021A11D212708E20095A731 /* Assets.xcassets */; };
		2021A121212708E20095A731 /* LaunchScreen.storyboard in Resources */ = {isa = PBXBuildFile; fileRef = 2021A11F212708E20095A731 /* LaunchScreen.storyboard */; };
		2021A12B2127214F0095A731 /* Card.swift in Sources */ = {isa = PBXBuildFile; fileRef = 2021A12A2127214F0095A731 /* Card.swift */; };
		2028DC25213CF407004C3657 /* ThemeChoserViewController.swift in Sources */ = {isa = PBXBuildFile; fileRef = 2028DC24213CF407004C3657 /* ThemeChoserViewController.swift */; };
		206DBD62212F175600B97C0D /* MemoryModel.swift in Sources */ = {isa = PBXBuildFile; fileRef = 206DBD61212F175600B97C0D /* MemoryModel.swift */; };
/* End PBXBuildFile section */

/* Begin PBXFileReference section */
		2021A113212708CE0095A731 /* example3.app */ = {isa = PBXFileReference; explicitFileType = wrapper.application; includeInIndex = 0; path = example3.app; sourceTree = BUILT_PRODUCTS_DIR; };
		2021A116212708CE0095A731 /* AppDelegate.swift */ = {isa = PBXFileReference; lastKnownFileType = sourcecode.swift; path = AppDelegate.swift; sourceTree = "<group>"; };
		2021A118212708CE0095A731 /* ViewController.swift */ = {isa = PBXFileReference; lastKnownFileType = sourcecode.swift; path = ViewController.swift; sourceTree = "<group>"; };
		2021A11B212708CE0095A731 /* Base */ = {isa = PBXFileReference; lastKnownFileType = file.storyboard; name = Base; path = Base.lproj/Main.storyboard; sourceTree = "<group>"; };
		2021A11D212708E20095A731 /* Assets.xcassets */ = {isa = PBXFileReference; lastKnownFileType = folder.assetcatalog; path = Assets.xcassets; sourceTree = "<group>"; };
		2021A120212708E20095A731 /* Base */ = {isa = PBXFileReference; lastKnownFileType = file.storyboard; name = Base; path = Base.lproj/LaunchScreen.storyboard; sourceTree = "<group>"; };
		2021A122212708E30095A731 /* Info.plist */ = {isa = PBXFileReference; lastKnownFileType = text.plist.xml; path = Info.plist; sourceTree = "<group>"; };
		2021A12A2127214F0095A731 /* Card.swift */ = {isa = PBXFileReference; lastKnownFileType = sourcecode.swift; path = Card.swift; sourceTree = "<group>"; };
		2028DC24213CF407004C3657 /* ThemeChoserViewController.swift */ = {isa = PBXFileReference; lastKnownFileType = sourcecode.swift; path = ThemeChoserViewController.swift; sourceTree = "<group>"; };
		206DBD61212F175600B97C0D /* MemoryModel.swift */ = {isa = PBXFileReference; lastKnownFileType = sourcecode.swift; path = MemoryModel.swift; sourceTree = "<group>"; };
/* End PBXFileReference section */

/* Begin PBXFrameworksBuildPhase section */
		2021A110212708CE0095A731 /* Frameworks */ = {
			isa = PBXFrameworksBuildPhase;
			buildActionMask = 2147483647;
			files = (
			);
			runOnlyForDeploymentPostprocessing = 0;
		};
/* End PBXFrameworksBuildPhase section */

/* Begin PBXGroup section */
		2021A10A212708CE0095A731 = {
			isa = PBXGroup;
			children = (
				2021A115212708CE0095A731 /* example3 */,
				2021A114212708CE0095A731 /* Products */,
			);
			sourceTree = "<group>";
		};
		2021A114212708CE0095A731 /* Products */ = {
			isa = PBXGroup;
			children = (
				2021A113212708CE0095A731 /* example3.app */,
			);
			name = Products;
			sourceTree = "<group>";
		};
		2021A115212708CE0095A731 /* example3 */ = {
			isa = PBXGroup;
			children = (
				2021A12A2127214F0095A731 /* Card.swift */,
				2021A116212708CE0095A731 /* AppDelegate.swift */,
				2021A118212708CE0095A731 /* ViewController.swift */,
				2021A11A212708CE0095A731 /* Main.storyboard */,
				2021A11D212708E20095A731 /* Assets.xcassets */,
				2021A11F212708E20095A731 /* LaunchScreen.storyboard */,
				2021A122212708E30095A731 /* Info.plist */,
				206DBD61212F175600B97C0D /* MemoryModel.swift */,
				2028DC24213CF407004C3657 /* ThemeChoserViewController.swift */,
			);
			path = example3;
			sourceTree = "<group>";
		};
/* End PBXGroup section */

/* Begin PBXNativeTarget section */
		2021A112212708CE0095A731 /* example3 */ = {
			isa = PBXNativeTarget;
			buildConfigurationList = 2021A125212708E30095A731 /* Build configuration list for PBXNativeTarget "example3" */;
			buildPhases = (
				2021A10F212708CE0095A731 /* Sources */,
				2021A110212708CE0095A731 /* Frameworks */,
				2021A111212708CE0095A731 /* Resources */,
			);
			buildRules = (
			);
			dependencies = (
			);
			name = example3;
			productName = example3;
			productReference = 2021A113212708CE0095A731 /* example3.app */;
			productType = "com.apple.product-type.application";
		};
/* End PBXNativeTarget section */

/* Begin PBXProject section */
		2021A10B212708CE0095A731 /* Project object */ = {
			isa = PBXProject;
			attributes = {
				LastSwiftUpdateCheck = 0940;
				LastUpgradeCheck = 0940;
				ORGANIZATIONNAME = "sneha arora";
				TargetAttributes = {
					2021A112212708CE0095A731 = {
						CreatedOnToolsVersion = 9.4.1;
					};
				};
			};
			buildConfigurationList = 2021A10E212708CE0095A731 /* Build configuration list for PBXProject "example3" */;
			compatibilityVersion = "Xcode 9.3";
			developmentRegion = en;
			hasScannedForEncodings = 0;
			knownRegions = (
				en,
				Base,
			);
			mainGroup = 2021A10A212708CE0095A731;
			productRefGroup = 2021A114212708CE0095A731 /* Products */;
			projectDirPath = "";
			projectRoot = "";
			targets = (
				2021A112212708CE0095A731 /* example3 */,
			);
		};
/* End PBXProject section */

/* Begin PBXResourcesBuildPhase section */
		2021A111212708CE0095A731 /* Resources */ = {
			isa = PBXResourcesBuildPhase;
			buildActionMask = 2147483647;
			files = (
				2021A121212708E20095A731 /* LaunchScreen.storyboard in Resources */,
				2021A11E212708E20095A731 /* Assets.xcassets in Resources */,
				2021A11C212708CE0095A731 /* Main.storyboard in Resources */,
			);
			runOnlyForDeploymentPostprocessing = 0;
		};
/* End PBXResourcesBuildPhase section */

/* Begin PBXSourcesBuildPhase section */
		2021A10F212708CE0095A731 /* Sources */ = {
			isa = PBXSourcesBuildPhase;
			buildActionMask = 2147483647;
			files = (
				2021A119212708CE0095A731 /* ViewController.swift in Sources */,
				2021A117212708CE0095A731 /* AppDelegate.swift in Sources */,
				206DBD62212F175600B97C0D /* MemoryModel.swift in Sources */,
				2021A12B2127214F0095A731 /* Card.swift in Sources */,
				2028DC25213CF407004C3657 /* ThemeChoserViewController.swift in Sources */,
			);
			runOnlyForDeploymentPostprocessing = 0;
		};
/* End PBXSourcesBuildPhase section */

/* Begin PBXVariantGroup section */
		2021A11A212708CE0095A731 /* Main.storyboard */ = {
			isa = PBXVariantGroup;
			children = (
				2021A11B212708CE0095A731 /* Base */,
			);
			name = Main.storyboard;
			sourceTree = "<group>";
		};
		2021A11F212708E20095A731 /* LaunchScreen.storyboard */ = {
			isa = PBXVariantGroup;
			children = (
				2021A120212708E20095A731 /* Base */,
			);
			name = LaunchScreen.storyboard;
			sourceTree = "<group>";
		};
/* End PBXVariantGroup section */

/* Begin XCBuildConfiguration section */
		2021A123212708E30095A731 /* Debug */ = {
			isa = XCBuildConfiguration;
			buildSettings = {
				ALWAYS_SEARCH_USER_PATHS = NO;
				CLANG_ANALYZER_NONNULL = YES;
				CLANG_ANALYZER_NUMBER_OBJECT_CONVERSION = YES_AGGRESSIVE;
				CLANG_CXX_LANGUAGE_STANDARD = "gnu++14";
				CLANG_CXX_LIBRARY = "libc++";
				CLANG_ENABLE_MODULES = YES;
				CLANG_ENABLE_OBJC_ARC = YES;
				CLANG_ENABLE_OBJC_WEAK = YES;
				CLANG_WARN_BLOCK_CAPTURE_AUTORELEASING = YES;
				CLANG_WARN_BOOL_CONVERSION = YES;
				CLANG_WARN_COMMA = YES;
				CLANG_WARN_CONSTANT_CONVERSION = YES;
				CLANG_WARN_DEPRECATED_OBJC_IMPLEMENTATIONS = YES;
				CLANG_WARN_DIRECT_OBJC_ISA_USAGE = YES_ERROR;
				CLANG_WARN_DOCUMENTATION_COMMENTS = YES;
				CLANG_WARN_EMPTY_BODY = YES;
				CLANG_WARN_ENUM_CONVERSION = YES;
				CLANG_WARN_INFINITE_RECURSION = YES;
				CLANG_WARN_INT_CONVERSION = YES;
				CLANG_WARN_NON_LITERAL_NULL_CONVERSION = YES;
				CLANG_WARN_OBJC_IMPLICIT_RETAIN_SELF = YES;
				CLANG_WARN_OBJC_LITERAL_CONVERSION = YES;
				CLANG_WARN_OBJC_ROOT_CLASS = YES_ERROR;
				CLANG_WARN_RANGE_LOOP_ANALYSIS = YES;
				CLANG_WARN_STRICT_PROTOTYPES = YES;
				CLANG_WARN_SUSPICIOUS_MOVE = YES;
				CLANG_WARN_UNGUARDED_AVAILABILITY = YES_AGGRESSIVE;
				CLANG_WARN_UNREACHABLE_CODE = YES;
				CLANG_WARN__DUPLICATE_METHOD_MATCH = YES;
				CODE_SIGN_IDENTITY = "iPhone Developer";
				COPY_PHASE_STRIP = NO;
				DEBUG_INFORMATION_FORMAT = dwarf;
				ENABLE_STRICT_OBJC_MSGSEND = YES;
				ENABLE_TESTABILITY = YES;
				GCC_C_LANGUAGE_STANDARD = gnu11;
				GCC_DYNAMIC_NO_PIC = NO;
				GCC_NO_COMMON_BLOCKS = YES;
				GCC_OPTIMIZATION_LEVEL = 0;
				GCC_PREPROCESSOR_DEFINITIONS = (
					"DEBUG=1",
					"$(inherited)",
				);
				GCC_WARN_64_TO_32_BIT_CONVERSION = YES;
				GCC_WARN_ABOUT_RETURN_TYPE = YES_ERROR;
				GCC_WARN_UNDECLARED_SELECTOR = YES;
				GCC_WARN_UNINITIALIZED_AUTOS = YES_AGGRESSIVE;
				GCC_WARN_UNUSED_FUNCTION = YES;
				GCC_WARN_UNUSED_VARIABLE = YES;
				IPHONEOS_DEPLOYMENT_TARGET = 11.4;
				MTL_ENABLE_DEBUG_INFO = YES;
				ONLY_ACTIVE_ARCH = YES;
				SDKROOT = iphoneos;
				SWIFT_ACTIVE_COMPILATION_CONDITIONS = DEBUG;
				SWIFT_OPTIMIZATION_LEVEL = "-Onone";
			};
			name = Debug;
		};
		2021A124212708E30095A731 /* Release */ = {
			isa = XCBuildConfiguration;
			buildSettings = {
				ALWAYS_SEARCH_USER_PATHS = NO;
				CLANG_ANALYZER_NONNULL = YES;
				CLANG_ANALYZER_NUMBER_OBJECT_CONVERSION = YES_AGGRESSIVE;
				CLANG_CXX_LANGUAGE_STANDARD = "gnu++14";
				CLANG_CXX_LIBRARY = "libc++";
				CLANG_ENABLE_MODULES = YES;
				CLANG_ENABLE_OBJC_ARC = YES;
				CLANG_ENABLE_OBJC_WEAK = YES;
				CLANG_WARN_BLOCK_CAPTURE_AUTORELEASING = YES;
				CLANG_WARN_BOOL_CONVERSION = YES;
				CLANG_WARN_COMMA = YES;
				CLANG_WARN_CONSTANT_CONVERSION = YES;
				CLANG_WARN_DEPRECATED_OBJC_IMPLEMENTATIONS = YES;
				CLANG_WARN_DIRECT_OBJC_ISA_USAGE = YES_ERROR;
				CLANG_WARN_DOCUMENTATION_COMMENTS = YES;
				CLANG_WARN_EMPTY_BODY = YES;
				CLANG_WARN_ENUM_CONVERSION = YES;
				CLANG_WARN_INFINITE_RECURSION = YES;
				CLANG_WARN_INT_CONVERSION = YES;
				CLANG_WARN_NON_LITERAL_NULL_CONVERSION = YES;
				CLANG_WARN_OBJC_IMPLICIT_RETAIN_SELF = YES;
				CLANG_WARN_OBJC_LITERAL_CONVERSION = YES;
				CLANG_WARN_OBJC_ROOT_CLASS = YES_ERROR;
				CLANG_WARN_RANGE_LOOP_ANALYSIS = YES;
				CLANG_WARN_STRICT_PROTOTYPES = YES;
				CLANG_WARN_SUSPICIOUS_MOVE = YES;
				CLANG_WARN_UNGUARDED_AVAILABILITY = YES_AGGRESSIVE;
				CLANG_WARN_UNREACHABLE_CODE = YES;
				CLANG_WARN__DUPLICATE_METHOD_MATCH = YES;
				CODE_SIGN_IDENTITY = "iPhone Developer";
				COPY_PHASE_STRIP = NO;
				DEBUG_INFORMATION_FORMAT = "dwarf-with-dsym";
				ENABLE_NS_ASSERTIONS = NO;
				ENABLE_STRICT_OBJC_MSGSEND = YES;
				GCC_C_LANGUAGE_STANDARD = gnu11;
				GCC_NO_COMMON_BLOCKS = YES;
				GCC_WARN_64_TO_32_BIT_CONVERSION = YES;
				GCC_WARN_ABOUT_RETURN_TYPE = YES_ERROR;
				GCC_WARN_UNDECLARED_SELECTOR = YES;
				GCC_WARN_UNINITIALIZED_AUTOS = YES_AGGRESSIVE;
				GCC_WARN_UNUSED_FUNCTION = YES;
				GCC_WARN_UNUSED_VARIABLE = YES;
				IPHONEOS_DEPLOYMENT_TARGET = 11.4;
				MTL_ENABLE_DEBUG_INFO = NO;
				SDKROOT = iphoneos;
				SWIFT_COMPILATION_MODE = wholemodule;
				SWIFT_OPTIMIZATION_LEVEL = "-O";
				VALIDATE_PRODUCT = YES;
			};
			name = Release;
		};
		2021A126212708E30095A731 /* Debug */ = {
			isa = XCBuildConfiguration;
			buildSettings = {
				ASSETCATALOG_COMPILER_APPICON_NAME = AppIcon;
				CODE_SIGN_STYLE = Automatic;
				INFOPLIST_FILE = example3/Info.plist;
				LD_RUNPATH_SEARCH_PATHS = (
					"$(inherited)",
					"@executable_path/Frameworks",
				);
				PRODUCT_BUNDLE_IDENTIFIER = com.example.example3;
				PRODUCT_NAME = "$(TARGET_NAME)";
				SWIFT_VERSION = 4.0;
				TARGETED_DEVICE_FAMILY = "1,2";
			};
			name = Debug;
		};
		2021A127212708E30095A731 /* Release */ = {
			isa = XCBuildConfiguration;
			buildSettings = {
				ASSETCATALOG_COMPILER_APPICON_NAME = AppIcon;
				CODE_SIGN_STYLE = Automatic;
				INFOPLIST_FILE = example3/Info.plist;
				LD_RUNPATH_SEARCH_PATHS = (
					"$(inherited)",
					"@executable_path/Frameworks",
				);
				PRODUCT_BUNDLE_IDENTIFIER = com.example.example3;
				PRODUCT_NAME = "$(TARGET_NAME)";
				SWIFT_VERSION = 4.0;
				TARGETED_DEVICE_FAMILY = "1,2";
			};
			name = Release;
		};
/* End XCBuildConfiguration section */

/* Begin XCConfigurationList section */
		2021A10E212708CE0095A731 /* Build configuration list for PBXProject "example3" */ = {
			isa = XCConfigurationList;
			buildConfigurations = (
				2021A123212708E30095A731 /* Debug */,
				2021A124212708E30095A731 /* Release */,
			);
			defaultConfigurationIsVisible = 0;
			defaultConfigurationName = Release;
		};
		2021A125212708E30095A731 /* Build configuration list for PBXNativeTarget "example3" */ = {
			isa = XCConfigurationList;
			buildConfigurations = (
				2021A126212708E30095A731 /* Debug */,
				2021A127212708E30095A731 /* Release */,
			);
			defaultConfigurationIsVisible = 0;
			defaultConfigurationName = Release;
		};
/* End XCConfigurationList section */
	};
	rootObject = 2021A10B212708CE0095A731 /* Project object */;
}
